
Microsoft Visual Studio Solution File, Format Version 12.00
# Visual Studio Version 17
VisualStudioVersion = 17.0.31903.59
MinimumVisualStudioVersion = 10.0.40219.1
Project("{2150E333-8FDC-42A3-9474-1A3956D46DE8}") = "Api-Gateway", "Api-Gateway", "{C72F438A-9C49-486E-8F7C-CEAE793F80DB}"
EndProject
Project("{2150E333-8FDC-42A3-9474-1A3956D46DE8}") = "src", "src", "{498F038B-99EC-4473-B035-1BACD8F0170C}"
EndProject
Project("{FAE04EC0-301F-11D3-BF4B-00C04F79EFBC}") = "APIGateway", "Api-Gateway\src\APIGateway\APIGateway.csproj", "{1A0D1093-22CB-46A7-8CA4-15BE7C848896}"
EndProject
Project("{2150E333-8FDC-42A3-9474-1A3956D46DE8}") = "AgricultureInfo-Service", "AgricultureInfo-Service", "{DF6BB5BA-F555-4D94-AA39-9E41BCA7C47C}"
EndProject
Project("{2150E333-8FDC-42A3-9474-1A3956D46DE8}") = "src", "src", "{726E0C9D-4A42-488D-BCAC-B3B80D18A01F}"
EndProject
Project("{FAE04EC0-301F-11D3-BF4B-00C04F79EFBC}") = "AgriInfoService", "AgricultureInfo-Service\src\AgriInfoService\AgriInfoService.csproj", "{DDD75DDE-B1D0-405F-BDA6-4DEBDE8DFED4}"
EndProject
Project("{2150E333-8FDC-42A3-9474-1A3956D46DE8}") = "CommunityForum-Service", "CommunityForum-Service", "{53889795-316E-461B-9B47-C07F9155B1AE}"
EndProject
Project("{2150E333-8FDC-42A3-9474-1A3956D46DE8}") = "src", "src", "{E649D9FD-3CEC-4D7B-9826-B92F5CC56474}"
EndProject
Project("{FAE04EC0-301F-11D3-BF4B-00C04F79EFBC}") = "CommunityForumService", "CommunityForum-Service\src\CommunityForumService\CommunityForumService.csproj", "{2546A3C3-FFC4-4A5F-89B4-5626B057933A}"
EndProject
Project("{2150E333-8FDC-42A3-9474-1A3956D46DE8}") = "Identity-Service", "Identity-Service", "{1FA96E0A-38BE-49D4-9265-B58D73D55413}"
EndProject
Project("{2150E333-8FDC-42A3-9474-1A3956D46DE8}") = "src", "src", "{915AECEE-D725-49E2-8BE1-A38D22CFBCD4}"
EndProject
Project("{FAE04EC0-301F-11D3-BF4B-00C04F79EFBC}") = "IdentityService", "Identity-Service\src\IdentityService\IdentityService.csproj", "{7F1ACF9B-34A6-4DB1-8348-386FBDF62C75}"
EndProject
Project("{2150E333-8FDC-42A3-9474-1A3956D46DE8}") = "Marketplace-Service", "Marketplace-Service", "{8F64F06A-CE73-4D25-8FE2-E6276BA16B78}"
EndProject
Project("{2150E333-8FDC-42A3-9474-1A3956D46DE8}") = "src", "src", "{579D8E47-BC85-4910-B15C-8662CC3AFB02}"
EndProject
Project("{FAE04EC0-301F-11D3-BF4B-00C04F79EFBC}") = "MarketplaceService", "Marketplace-Service\src\MarketplaceService\MarketplaceService.csproj", "{9929C80C-55F9-4BBD-8C4A-8CD6950876CB}"
EndProject
Project("{2150E333-8FDC-42A3-9474-1A3956D46DE8}") = "OrderManagement-Service", "OrderManagement-Service", "{7EF89F7E-8016-49F7-B486-30D9CE4A8D08}"
EndProject
Project("{2150E333-8FDC-42A3-9474-1A3956D46DE8}") = "src", "src", "{5D398B8B-B1D4-4C13-B8DF-B0C7C4C2A683}"
EndProject
Project("{FAE04EC0-301F-11D3-BF4B-00C04F79EFBC}") = "OrderManagementService", "OrderManagement-Service\src\OrderManagementService\OrderManagementService.csproj", "{C32B9A81-F381-43F5-B8C5-B665C2B5D49A}"
EndProject
Project("{2150E333-8FDC-42A3-9474-1A3956D46DE8}") = "Payment-Service", "Payment-Service", "{E15BA572-3E55-49BB-9ABF-E64A784C4085}"
EndProject
Project("{2150E333-8FDC-42A3-9474-1A3956D46DE8}") = "src", "src", "{AFBD802B-A947-4FA7-B276-D02DD390DDF4}"
EndProject
Project("{FAE04EC0-301F-11D3-BF4B-00C04F79EFBC}") = "PaymentService", "Payment-Service\src\PaymentService\PaymentService.csproj", "{1E8C9F3F-7B82-4A61-9523-9BEFE89C75F9}"
EndProject
Project("{2150E333-8FDC-42A3-9474-1A3956D46DE8}") = "Weather-Service", "Weather-Service", "{45022E8C-BCAF-49F8-A2C4-F3A139E20FB7}"
EndProject
Project("{2150E333-8FDC-42A3-9474-1A3956D46DE8}") = "src", "src", "{8C822513-690E-45C3-856B-BFA41647A9B1}"
EndProject
Project("{FAE04EC0-301F-11D3-BF4B-00C04F79EFBC}") = "WeatherService", "Weather-Service\src\WeatherService\WeatherService.csproj", "{342214CD-3466-4460-84C0-D1BD29B021D3}"
EndProject
Global
	GlobalSection(SolutionConfigurationPlatforms) = preSolution
		Debug|Any CPU = Debug|Any CPU
		Release|Any CPU = Release|Any CPU
	EndGlobalSection
	GlobalSection(SolutionProperties) = preSolution
		HideSolutionNode = FALSE
	EndGlobalSection
	GlobalSection(ProjectConfigurationPlatforms) = postSolution
		{1A0D1093-22CB-46A7-8CA4-15BE7C848896}.Debug|Any CPU.ActiveCfg = Debug|Any CPU
		{1A0D1093-22CB-46A7-8CA4-15BE7C848896}.Debug|Any CPU.Build.0 = Debug|Any CPU
		{1A0D1093-22CB-46A7-8CA4-15BE7C848896}.Release|Any CPU.ActiveCfg = Release|Any CPU
		{1A0D1093-22CB-46A7-8CA4-15BE7C848896}.Release|Any CPU.Build.0 = Release|Any CPU
		{DDD75DDE-B1D0-405F-BDA6-4DEBDE8DFED4}.Debug|Any CPU.ActiveCfg = Debug|Any CPU
		{DDD75DDE-B1D0-405F-BDA6-4DEBDE8DFED4}.Debug|Any CPU.Build.0 = Debug|Any CPU
		{DDD75DDE-B1D0-405F-BDA6-4DEBDE8DFED4}.Release|Any CPU.ActiveCfg = Release|Any CPU
		{DDD75DDE-B1D0-405F-BDA6-4DEBDE8DFED4}.Release|Any CPU.Build.0 = Release|Any CPU
		{2546A3C3-FFC4-4A5F-89B4-5626B057933A}.Debug|Any CPU.ActiveCfg = Debug|Any CPU
		{2546A3C3-FFC4-4A5F-89B4-5626B057933A}.Debug|Any CPU.Build.0 = Debug|Any CPU
		{2546A3C3-FFC4-4A5F-89B4-5626B057933A}.Release|Any CPU.ActiveCfg = Release|Any CPU
		{2546A3C3-FFC4-4A5F-89B4-5626B057933A}.Release|Any CPU.Build.0 = Release|Any CPU
		{7F1ACF9B-34A6-4DB1-8348-386FBDF62C75}.Debug|Any CPU.ActiveCfg = Debug|Any CPU
		{7F1ACF9B-34A6-4DB1-8348-386FBDF62C75}.Debug|Any CPU.Build.0 = Debug|Any CPU
		{7F1ACF9B-34A6-4DB1-8348-386FBDF62C75}.Release|Any CPU.ActiveCfg = Release|Any CPU
		{7F1ACF9B-34A6-4DB1-8348-386FBDF62C75}.Release|Any CPU.Build.0 = Release|Any CPU
		{9929C80C-55F9-4BBD-8C4A-8CD6950876CB}.Debug|Any CPU.ActiveCfg = Debug|Any CPU
		{9929C80C-55F9-4BBD-8C4A-8CD6950876CB}.Debug|Any CPU.Build.0 = Debug|Any CPU
		{9929C80C-55F9-4BBD-8C4A-8CD6950876CB}.Release|Any CPU.ActiveCfg = Release|Any CPU
		{9929C80C-55F9-4BBD-8C4A-8CD6950876CB}.Release|Any CPU.Build.0 = Release|Any CPU
		{C32B9A81-F381-43F5-B8C5-B665C2B5D49A}.Debug|Any CPU.ActiveCfg = Debug|Any CPU
		{C32B9A81-F381-43F5-B8C5-B665C2B5D49A}.Debug|Any CPU.Build.0 = Debug|Any CPU
		{C32B9A81-F381-43F5-B8C5-B665C2B5D49A}.Release|Any CPU.ActiveCfg = Release|Any CPU
		{C32B9A81-F381-43F5-B8C5-B665C2B5D49A}.Release|Any CPU.Build.0 = Release|Any CPU
		{1E8C9F3F-7B82-4A61-9523-9BEFE89C75F9}.Debug|Any CPU.ActiveCfg = Debug|Any CPU
		{1E8C9F3F-7B82-4A61-9523-9BEFE89C75F9}.Debug|Any CPU.Build.0 = Debug|Any CPU
		{1E8C9F3F-7B82-4A61-9523-9BEFE89C75F9}.Release|Any CPU.ActiveCfg = Release|Any CPU
		{1E8C9F3F-7B82-4A61-9523-9BEFE89C75F9}.Release|Any CPU.Build.0 = Release|Any CPU
		{342214CD-3466-4460-84C0-D1BD29B021D3}.Debug|Any CPU.ActiveCfg = Debug|Any CPU
		{342214CD-3466-4460-84C0-D1BD29B021D3}.Debug|Any CPU.Build.0 = Debug|Any CPU
		{342214CD-3466-4460-84C0-D1BD29B021D3}.Release|Any CPU.ActiveCfg = Release|Any CPU
		{342214CD-3466-4460-84C0-D1BD29B021D3}.Release|Any CPU.Build.0 = Release|Any CPU
	EndGlobalSection
	GlobalSection(NestedProjects) = preSolution
		{498F038B-99EC-4473-B035-1BACD8F0170C} = {C72F438A-9C49-486E-8F7C-CEAE793F80DB}
		{1A0D1093-22CB-46A7-8CA4-15BE7C848896} = {498F038B-99EC-4473-B035-1BACD8F0170C}
		{726E0C9D-4A42-488D-BCAC-B3B80D18A01F} = {DF6BB5BA-F555-4D94-AA39-9E41BCA7C47C}
		{DDD75DDE-B1D0-405F-BDA6-4DEBDE8DFED4} = {726E0C9D-4A42-488D-BCAC-B3B80D18A01F}
		{E649D9FD-3CEC-4D7B-9826-B92F5CC56474} = {53889795-316E-461B-9B47-C07F9155B1AE}
		{2546A3C3-FFC4-4A5F-89B4-5626B057933A} = {E649D9FD-3CEC-4D7B-9826-B92F5CC56474}
		{915AECEE-D725-49E2-8BE1-A38D22CFBCD4} = {1FA96E0A-38BE-49D4-9265-B58D73D55413}
		{7F1ACF9B-34A6-4DB1-8348-386FBDF62C75} = {915AECEE-D725-49E2-8BE1-A38D22CFBCD4}
		{579D8E47-BC85-4910-B15C-8662CC3AFB02} = {8F64F06A-CE73-4D25-8FE2-E6276BA16B78}
		{9929C80C-55F9-4BBD-8C4A-8CD6950876CB} = {579D8E47-BC85-4910-B15C-8662CC3AFB02}
		{5D398B8B-B1D4-4C13-B8DF-B0C7C4C2A683} = {7EF89F7E-8016-49F7-B486-30D9CE4A8D08}
		{C32B9A81-F381-43F5-B8C5-B665C2B5D49A} = {5D398B8B-B1D4-4C13-B8DF-B0C7C4C2A683}
		{AFBD802B-A947-4FA7-B276-D02DD390DDF4} = {E15BA572-3E55-49BB-9ABF-E64A784C4085}
		{1E8C9F3F-7B82-4A61-9523-9BEFE89C75F9} = {AFBD802B-A947-4FA7-B276-D02DD390DDF4}
		{8C822513-690E-45C3-856B-BFA41647A9B1} = {45022E8C-BCAF-49F8-A2C4-F3A139E20FB7}
		{342214CD-3466-4460-84C0-D1BD29B021D3} = {8C822513-690E-45C3-856B-BFA41647A9B1}
	EndGlobalSection
EndGlobal
